// !$*UTF8*$!
{
	archiveVersion = 1;
	classes = {
	};
	objectVersion = 56;
	objects = {

/* Begin PBXBuildFile section */
		A213705D2C745DDA0009E241 /* BetterSleepState.swift in Sources */ = {isa = PBXBuildFile; fileRef = A213705C2C745DDA0009E241 /* BetterSleepState.swift */; };
		A213705F2C745E060009E241 /* BetterSleepIntent.swift in Sources */ = {isa = PBXBuildFile; fileRef = A213705E2C745E060009E241 /* BetterSleepIntent.swift */; };
		A213706B2C759A9B0009E241 /* BetterSleepSwiftUITests.swift in Sources */ = {isa = PBXBuildFile; fileRef = A213706A2C759A9B0009E241 /* BetterSleepSwiftUITests.swift */; };
		A2B0710C2C71792E003DB10A /* BetterSleepSwiftUIApp.swift in Sources */ = {isa = PBXBuildFile; fileRef = A2B0710B2C71792E003DB10A /* BetterSleepSwiftUIApp.swift */; };
		A2B071102C717930003DB10A /* Assets.xcassets in Resources */ = {isa = PBXBuildFile; fileRef = A2B0710F2C717930003DB10A /* Assets.xcassets */; };
		A2B071142C717930003DB10A /* Preview Assets.xcassets in Resources */ = {isa = PBXBuildFile; fileRef = A2B071132C717930003DB10A /* Preview Assets.xcassets */; };
		A2B071242C717DFD003DB10A /* BetterSleepViewModel.swift in Sources */ = {isa = PBXBuildFile; fileRef = A2B071232C717DFD003DB10A /* BetterSleepViewModel.swift */; };
		A2B071262C717E10003DB10A /* BetterSleepView.swift in Sources */ = {isa = PBXBuildFile; fileRef = A2B071252C717E10003DB10A /* BetterSleepView.swift */; };
		A2B071282C719981003DB10A /* SleepCalculator.mlmodel in Sources */ = {isa = PBXBuildFile; fileRef = A2B071272C719981003DB10A /* SleepCalculator.mlmodel */; };
/* End PBXBuildFile section */

/* Begin PBXContainerItemProxy section */
		A213706C2C759A9B0009E241 /* PBXContainerItemProxy */ = {
			isa = PBXContainerItemProxy;
			containerPortal = A2B071002C71792E003DB10A /* Project object */;
			proxyType = 1;
			remoteGlobalIDString = A2B071072C71792E003DB10A;
			remoteInfo = BetterSleepSwiftUI;
		};
/* End PBXContainerItemProxy section */

/* Begin PBXFileReference section */
		A213705C2C745DDA0009E241 /* BetterSleepState.swift */ = {isa = PBXFileReference; lastKnownFileType = sourcecode.swift; path = BetterSleepState.swift; sourceTree = "<group>"; };
		A213705E2C745E060009E241 /* BetterSleepIntent.swift */ = {isa = PBXFileReference; lastKnownFileType = sourcecode.swift; path = BetterSleepIntent.swift; sourceTree = "<group>"; };
		A21370682C759A9B0009E241 /* BetterSleepSwiftUITests.xctest */ = {isa = PBXFileReference; explicitFileType = wrapper.cfbundle; includeInIndex = 0; path = BetterSleepSwiftUITests.xctest; sourceTree = BUILT_PRODUCTS_DIR; };
		A213706A2C759A9B0009E241 /* BetterSleepSwiftUITests.swift */ = {isa = PBXFileReference; lastKnownFileType = sourcecode.swift; path = BetterSleepSwiftUITests.swift; sourceTree = "<group>"; };
		A2B071082C71792E003DB10A /* BetterSleepSwiftUI.app */ = {isa = PBXFileReference; explicitFileType = wrapper.application; includeInIndex = 0; path = BetterSleepSwiftUI.app; sourceTree = BUILT_PRODUCTS_DIR; };
		A2B0710B2C71792E003DB10A /* BetterSleepSwiftUIApp.swift */ = {isa = PBXFileReference; lastKnownFileType = sourcecode.swift; path = BetterSleepSwiftUIApp.swift; sourceTree = "<group>"; };
		A2B0710F2C717930003DB10A /* Assets.xcassets */ = {isa = PBXFileReference; lastKnownFileType = folder.assetcatalog; path = Assets.xcassets; sourceTree = "<group>"; };
		A2B071112C717930003DB10A /* BetterSleepSwiftUI.entitlements */ = {isa = PBXFileReference; lastKnownFileType = text.plist.entitlements; path = BetterSleepSwiftUI.entitlements; sourceTree = "<group>"; };
		A2B071132C717930003DB10A /* Preview Assets.xcassets */ = {isa = PBXFileReference; lastKnownFileType = folder.assetcatalog; path = "Preview Assets.xcassets"; sourceTree = "<group>"; };
		A2B071232C717DFD003DB10A /* BetterSleepViewModel.swift */ = {isa = PBXFileReference; lastKnownFileType = sourcecode.swift; path = BetterSleepViewModel.swift; sourceTree = "<group>"; };
		A2B071252C717E10003DB10A /* BetterSleepView.swift */ = {isa = PBXFileReference; lastKnownFileType = sourcecode.swift; path = BetterSleepView.swift; sourceTree = "<group>"; };
		A2B071272C719981003DB10A /* SleepCalculator.mlmodel */ = {isa = PBXFileReference; lastKnownFileType = file.mlmodel; path = SleepCalculator.mlmodel; sourceTree = "<group>"; };
/* End PBXFileReference section */

/* Begin PBXFrameworksBuildPhase section */
		A21370652C759A9B0009E241 /* Frameworks */ = {
			isa = PBXFrameworksBuildPhase;
			buildActionMask = 2147483647;
			files = (
			);
			runOnlyForDeploymentPostprocessing = 0;
		};
		A2B071052C71792E003DB10A /* Frameworks */ = {
			isa = PBXFrameworksBuildPhase;
			buildActionMask = 2147483647;
			files = (
			);
			runOnlyForDeploymentPostprocessing = 0;
		};
/* End PBXFrameworksBuildPhase section */

/* Begin PBXGroup section */
		A21370602C745E0D0009E241 /* Resources */ = {
			isa = PBXGroup;
			children = (
				A2B0710F2C717930003DB10A /* Assets.xcassets */,
				A2B071112C717930003DB10A /* BetterSleepSwiftUI.entitlements */,
				A2B071272C719981003DB10A /* SleepCalculator.mlmodel */,
				A2B071122C717930003DB10A /* Preview Content */,
			);
			path = Resources;
			sourceTree = "<group>";
		};
		A21370692C759A9B0009E241 /* BetterSleepSwiftUITests */ = {
			isa = PBXGroup;
			children = (
				A213706A2C759A9B0009E241 /* BetterSleepSwiftUITests.swift */,
			);
			path = BetterSleepSwiftUITests;
			sourceTree = "<group>";
		};
		A21370712C75AED90009E241 /* Intent */ = {
			isa = PBXGroup;
			children = (
				A213705E2C745E060009E241 /* BetterSleepIntent.swift */,
			);
			path = Intent;
			sourceTree = "<group>";
		};
		A2B070FF2C71792E003DB10A = {
			isa = PBXGroup;
			children = (
				A2B0710A2C71792E003DB10A /* BetterSleepSwiftUI */,
				A21370692C759A9B0009E241 /* BetterSleepSwiftUITests */,
				A2B071092C71792E003DB10A /* Products */,
			);
			sourceTree = "<group>";
		};
		A2B071092C71792E003DB10A /* Products */ = {
			isa = PBXGroup;
			children = (
				A2B071082C71792E003DB10A /* BetterSleepSwiftUI.app */,
				A21370682C759A9B0009E241 /* BetterSleepSwiftUITests.xctest */,
			);
			name = Products;
			sourceTree = "<group>";
		};
		A2B0710A2C71792E003DB10A /* BetterSleepSwiftUI */ = {
			isa = PBXGroup;
			children = (
				A2B0710B2C71792E003DB10A /* BetterSleepSwiftUIApp.swift */,
				A21370712C75AED90009E241 /* Intent */,
				A2B071222C717DB4003DB10A /* Model */,
				A2B071212C717DAF003DB10A /* ViewModel */,
				A2B071202C717DAB003DB10A /* View */,
				A21370602C745E0D0009E241 /* Resources */,
			);
			path = BetterSleepSwiftUI;
			sourceTree = "<group>";
		};
		A2B071122C717930003DB10A /* Preview Content */ = {
			isa = PBXGroup;
			children = (
				A2B071132C717930003DB10A /* Preview Assets.xcassets */,
			);
			path = "Preview Content";
			sourceTree = "<group>";
		};
		A2B071202C717DAB003DB10A /* View */ = {
			isa = PBXGroup;
			children = (
				A2B071252C717E10003DB10A /* BetterSleepView.swift */,
			);
			path = View;
			sourceTree = "<group>";
		};
		A2B071212C717DAF003DB10A /* ViewModel */ = {
			isa = PBXGroup;
			children = (
				A2B071232C717DFD003DB10A /* BetterSleepViewModel.swift */,
			);
			path = ViewModel;
			sourceTree = "<group>";
		};
		A2B071222C717DB4003DB10A /* Model */ = {
			isa = PBXGroup;
			children = (
				A213705C2C745DDA0009E241 /* BetterSleepState.swift */,
			);
			path = Model;
			sourceTree = "<group>";
		};
/* End PBXGroup section */

/* Begin PBXNativeTarget section */
		A21370672C759A9B0009E241 /* BetterSleepSwiftUITests */ = {
			isa = PBXNativeTarget;
			buildConfigurationList = A213706E2C759A9B0009E241 /* Build configuration list for PBXNativeTarget "BetterSleepSwiftUITests" */;
			buildPhases = (
				A21370642C759A9B0009E241 /* Sources */,
				A21370652C759A9B0009E241 /* Frameworks */,
				A21370662C759A9B0009E241 /* Resources */,
			);
			buildRules = (
			);
			dependencies = (
				A213706D2C759A9B0009E241 /* PBXTargetDependency */,
			);
			name = BetterSleepSwiftUITests;
			productName = BetterSleepSwiftUITests;
			productReference = A21370682C759A9B0009E241 /* BetterSleepSwiftUITests.xctest */;
			productType = "com.apple.product-type.bundle.unit-test";
		};
		A2B071072C71792E003DB10A /* BetterSleepSwiftUI */ = {
			isa = PBXNativeTarget;
			buildConfigurationList = A2B071172C717930003DB10A /* Build configuration list for PBXNativeTarget "BetterSleepSwiftUI" */;
			buildPhases = (
				A2B071042C71792E003DB10A /* Sources */,
				A2B071052C71792E003DB10A /* Frameworks */,
				A2B071062C71792E003DB10A /* Resources */,
			);
			buildRules = (
			);
			dependencies = (
			);
			name = BetterSleepSwiftUI;
			productName = BetterSleepSwiftUI;
			productReference = A2B071082C71792E003DB10A /* BetterSleepSwiftUI.app */;
			productType = "com.apple.product-type.application";
		};
/* End PBXNativeTarget section */

/* Begin PBXProject section */
		A2B071002C71792E003DB10A /* Project object */ = {
			isa = PBXProject;
			attributes = {
				BuildIndependentTargetsInParallel = 1;
				LastSwiftUpdateCheck = 1520;
				LastUpgradeCheck = 1520;
				TargetAttributes = {
					A21370672C759A9B0009E241 = {
						CreatedOnToolsVersion = 15.2;
						TestTargetID = A2B071072C71792E003DB10A;
					};
					A2B071072C71792E003DB10A = {
						CreatedOnToolsVersion = 15.2;
					};
				};
			};
			buildConfigurationList = A2B071032C71792E003DB10A /* Build configuration list for PBXProject "BetterSleepSwiftUI" */;
			compatibilityVersion = "Xcode 14.0";
			developmentRegion = en;
			hasScannedForEncodings = 0;
			knownRegions = (
				en,
				Base,
			);
			mainGroup = A2B070FF2C71792E003DB10A;
			productRefGroup = A2B071092C71792E003DB10A /* Products */;
			projectDirPath = "";
			projectRoot = "";
			targets = (
				A2B071072C71792E003DB10A /* BetterSleepSwiftUI */,
				A21370672C759A9B0009E241 /* BetterSleepSwiftUITests */,
			);
		};
/* End PBXProject section */

/* Begin PBXResourcesBuildPhase section */
		A21370662C759A9B0009E241 /* Resources */ = {
			isa = PBXResourcesBuildPhase;
			buildActionMask = 2147483647;
			files = (
			);
			runOnlyForDeploymentPostprocessing = 0;
		};
		A2B071062C71792E003DB10A /* Resources */ = {
			isa = PBXResourcesBuildPhase;
			buildActionMask = 2147483647;
			files = (
				A2B071142C717930003DB10A /* Preview Assets.xcassets in Resources */,
				A2B071102C717930003DB10A /* Assets.xcassets in Resources */,
			);
			runOnlyForDeploymentPostprocessing = 0;
		};
/* End PBXResourcesBuildPhase section */

/* Begin PBXSourcesBuildPhase section */
		A21370642C759A9B0009E241 /* Sources */ = {
			isa = PBXSourcesBuildPhase;
			buildActionMask = 2147483647;
			files = (
				A213706B2C759A9B0009E241 /* BetterSleepSwiftUITests.swift in Sources */,
			);
			runOnlyForDeploymentPostprocessing = 0;
		};
		A2B071042C71792E003DB10A /* Sources */ = {
			isa = PBXSourcesBuildPhase;
			buildActionMask = 2147483647;
			files = (
				A2B071242C717DFD003DB10A /* BetterSleepViewModel.swift in Sources */,
				A2B071282C719981003DB10A /* SleepCalculator.mlmodel in Sources */,
				A2B071262C717E10003DB10A /* BetterSleepView.swift in Sources */,
				A213705D2C745DDA0009E241 /* BetterSleepState.swift in Sources */,
				A2B0710C2C71792E003DB10A /* BetterSleepSwiftUIApp.swift in Sources */,
				A213705F2C745E060009E241 /* BetterSleepIntent.swift in Sources */,
			);
			runOnlyForDeploymentPostprocessing = 0;
		};
/* End PBXSourcesBuildPhase section */

/* Begin PBXTargetDependency section */
		A213706D2C759A9B0009E241 /* PBXTargetDependency */ = {
			isa = PBXTargetDependency;
			target = A2B071072C71792E003DB10A /* BetterSleepSwiftUI */;
			targetProxy = A213706C2C759A9B0009E241 /* PBXContainerItemProxy */;
		};
/* End PBXTargetDependency section */

/* Begin XCBuildConfiguration section */
		A213706F2C759A9B0009E241 /* Debug */ = {
			isa = XCBuildConfiguration;
			buildSettings = {
				BUNDLE_LOADER = "$(TEST_HOST)";
				CODE_SIGN_STYLE = Automatic;
				CURRENT_PROJECT_VERSION = 1;
				GENERATE_INFOPLIST_FILE = YES;
				IPHONEOS_DEPLOYMENT_TARGET = 17.2;
				MACOSX_DEPLOYMENT_TARGET = 14.2;
				MARKETING_VERSION = 1.0;
				PRODUCT_BUNDLE_IDENTIFIER = Hieronius.BetterSleepSwiftUITests;
				PRODUCT_NAME = "$(TARGET_NAME)";
				SDKROOT = auto;
				SUPPORTED_PLATFORMS = "iphoneos iphonesimulator macosx";
				SWIFT_EMIT_LOC_STRINGS = NO;
				SWIFT_VERSION = 5.0;
				TARGETED_DEVICE_FAMILY = "1,2";
				TEST_HOST = "$(BUILT_PRODUCTS_DIR)/BetterSleepSwiftUI.app/$(BUNDLE_EXECUTABLE_FOLDER_PATH)/BetterSleepSwiftUI";
			};
			name = Debug;
		};
		A21370702C759A9B0009E241 /* Release */ = {
			isa = XCBuildConfiguration;
			buildSettings = {
				BUNDLE_LOADER = "$(TEST_HOST)";
				CODE_SIGN_STYLE = Automatic;
				CURRENT_PROJECT_VERSION = 1;
				GENERATE_INFOPLIST_FILE = YES;
				IPHONEOS_DEPLOYMENT_TARGET = 17.2;
				MACOSX_DEPLOYMENT_TARGET = 14.2;
				MARKETING_VERSION = 1.0;
				PRODUCT_BUNDLE_IDENTIFIER = Hieronius.BetterSleepSwiftUITests;
				PRODUCT_NAME = "$(TARGET_NAME)";
				SDKROOT = auto;
				SUPPORTED_PLATFORMS = "iphoneos iphonesimulator macosx";
				SWIFT_EMIT_LOC_STRINGS = NO;
				SWIFT_VERSION = 5.0;
				TARGETED_DEVICE_FAMILY = "1,2";
				TEST_HOST = "$(BUILT_PRODUCTS_DIR)/BetterSleepSwiftUI.app/$(BUNDLE_EXECUTABLE_FOLDER_PATH)/BetterSleepSwiftUI";
			};
			name = Release;
		};
		A2B071152C717930003DB10A /* Debug */ = {
			isa = XCBuildConfiguration;
			buildSettings = {
				ALWAYS_SEARCH_USER_PATHS = NO;
				ASSETCATALOG_COMPILER_GENERATE_SWIFT_ASSET_SYMBOL_EXTENSIONS = YES;
				CLANG_ANALYZER_NONNULL = YES;
				CLANG_ANALYZER_NUMBER_OBJECT_CONVERSION = YES_AGGRESSIVE;
				CLANG_CXX_LANGUAGE_STANDARD = "gnu++20";
				CLANG_ENABLE_MODULES = YES;
				CLANG_ENABLE_OBJC_ARC = YES;
				CLANG_ENABLE_OBJC_WEAK = YES;
				CLANG_WARN_BLOCK_CAPTURE_AUTORELEASING = YES;
				CLANG_WARN_BOOL_CONVERSION = YES;
				CLANG_WARN_COMMA = YES;
				CLANG_WARN_CONSTANT_CONVERSION = YES;
				CLANG_WARN_DEPRECATED_OBJC_IMPLEMENTATIONS = YES;
				CLANG_WARN_DIRECT_OBJC_ISA_USAGE = YES_ERROR;
				CLANG_WARN_DOCUMENTATION_COMMENTS = YES;
				CLANG_WARN_EMPTY_BODY = YES;
				CLANG_WARN_ENUM_CONVERSION = YES;
				CLANG_WARN_INFINITE_RECURSION = YES;
				CLANG_WARN_INT_CONVERSION = YES;
				CLANG_WARN_NON_LITERAL_NULL_CONVERSION = YES;
				CLANG_WARN_OBJC_IMPLICIT_RETAIN_SELF = YES;
				CLANG_WARN_OBJC_LITERAL_CONVERSION = YES;
				CLANG_WARN_OBJC_ROOT_CLASS = YES_ERROR;
				CLANG_WARN_QUOTED_INCLUDE_IN_FRAMEWORK_HEADER = YES;
				CLANG_WARN_RANGE_LOOP_ANALYSIS = YES;
				CLANG_WARN_STRICT_PROTOTYPES = YES;
				CLANG_WARN_SUSPICIOUS_MOVE = YES;
				CLANG_WARN_UNGUARDED_AVAILABILITY = YES_AGGRESSIVE;
				CLANG_WARN_UNREACHABLE_CODE = YES;
				CLANG_WARN__DUPLICATE_METHOD_MATCH = YES;
				COPY_PHASE_STRIP = NO;
				DEBUG_INFORMATION_FORMAT = dwarf;
				ENABLE_STRICT_OBJC_MSGSEND = YES;
				ENABLE_TESTABILITY = YES;
				ENABLE_USER_SCRIPT_SANDBOXING = YES;
				GCC_C_LANGUAGE_STANDARD = gnu17;
				GCC_DYNAMIC_NO_PIC = NO;
				GCC_NO_COMMON_BLOCKS = YES;
				GCC_OPTIMIZATION_LEVEL = 0;
				GCC_PREPROCESSOR_DEFINITIONS = (
					"DEBUG=1",
					"$(inherited)",
				);
				GCC_WARN_64_TO_32_BIT_CONVERSION = YES;
				GCC_WARN_ABOUT_RETURN_TYPE = YES_ERROR;
				GCC_WARN_UNDECLARED_SELECTOR = YES;
				GCC_WARN_UNINITIALIZED_AUTOS = YES_AGGRESSIVE;
				GCC_WARN_UNUSED_FUNCTION = YES;
				GCC_WARN_UNUSED_VARIABLE = YES;
				LOCALIZATION_PREFERS_STRING_CATALOGS = YES;
				MTL_ENABLE_DEBUG_INFO = INCLUDE_SOURCE;
				MTL_FAST_MATH = YES;
				ONLY_ACTIVE_ARCH = YES;
				SWIFT_ACTIVE_COMPILATION_CONDITIONS = "DEBUG $(inherited)";
				SWIFT_OPTIMIZATION_LEVEL = "-Onone";
			};
			name = Debug;
		};
		A2B071162C717930003DB10A /* Release */ = {
			isa = XCBuildConfiguration;
			buildSettings = {
				ALWAYS_SEARCH_USER_PATHS = NO;
				ASSETCATALOG_COMPILER_GENERATE_SWIFT_ASSET_SYMBOL_EXTENSIONS = YES;
				CLANG_ANALYZER_NONNULL = YES;
				CLANG_ANALYZER_NUMBER_OBJECT_CONVERSION = YES_AGGRESSIVE;
				CLANG_CXX_LANGUAGE_STANDARD = "gnu++20";
				CLANG_ENABLE_MODULES = YES;
				CLANG_ENABLE_OBJC_ARC = YES;
				CLANG_ENABLE_OBJC_WEAK = YES;
				CLANG_WARN_BLOCK_CAPTURE_AUTORELEASING = YES;
				CLANG_WARN_BOOL_CONVERSION = YES;
				CLANG_WARN_COMMA = YES;
				CLANG_WARN_CONSTANT_CONVERSION = YES;
				CLANG_WARN_DEPRECATED_OBJC_IMPLEMENTATIONS = YES;
				CLANG_WARN_DIRECT_OBJC_ISA_USAGE = YES_ERROR;
				CLANG_WARN_DOCUMENTATION_COMMENTS = YES;
				CLANG_WARN_EMPTY_BODY = YES;
				CLANG_WARN_ENUM_CONVERSION = YES;
				CLANG_WARN_INFINITE_RECURSION = YES;
				CLANG_WARN_INT_CONVERSION = YES;
				CLANG_WARN_NON_LITERAL_NULL_CONVERSION = YES;
				CLANG_WARN_OBJC_IMPLICIT_RETAIN_SELF = YES;
				CLANG_WARN_OBJC_LITERAL_CONVERSION = YES;
				CLANG_WARN_OBJC_ROOT_CLASS = YES_ERROR;
				CLANG_WARN_QUOTED_INCLUDE_IN_FRAMEWORK_HEADER = YES;
				CLANG_WARN_RANGE_LOOP_ANALYSIS = YES;
				CLANG_WARN_STRICT_PROTOTYPES = YES;
				CLANG_WARN_SUSPICIOUS_MOVE = YES;
				CLANG_WARN_UNGUARDED_AVAILABILITY = YES_AGGRESSIVE;
				CLANG_WARN_UNREACHABLE_CODE = YES;
				CLANG_WARN__DUPLICATE_METHOD_MATCH = YES;
				COPY_PHASE_STRIP = NO;
				DEBUG_INFORMATION_FORMAT = "dwarf-with-dsym";
				ENABLE_NS_ASSERTIONS = NO;
				ENABLE_STRICT_OBJC_MSGSEND = YES;
				ENABLE_USER_SCRIPT_SANDBOXING = YES;
				GCC_C_LANGUAGE_STANDARD = gnu17;
				GCC_NO_COMMON_BLOCKS = YES;
				GCC_WARN_64_TO_32_BIT_CONVERSION = YES;
				GCC_WARN_ABOUT_RETURN_TYPE = YES_ERROR;
				GCC_WARN_UNDECLARED_SELECTOR = YES;
				GCC_WARN_UNINITIALIZED_AUTOS = YES_AGGRESSIVE;
				GCC_WARN_UNUSED_FUNCTION = YES;
				GCC_WARN_UNUSED_VARIABLE = YES;
				LOCALIZATION_PREFERS_STRING_CATALOGS = YES;
				MTL_ENABLE_DEBUG_INFO = NO;
				MTL_FAST_MATH = YES;
				SWIFT_COMPILATION_MODE = wholemodule;
			};
			name = Release;
		};
		A2B071182C717930003DB10A /* Debug */ = {
			isa = XCBuildConfiguration;
			buildSettings = {
				ASSETCATALOG_COMPILER_APPICON_NAME = AppIcon;
				ASSETCATALOG_COMPILER_GLOBAL_ACCENT_COLOR_NAME = AccentColor;
				CODE_SIGN_ENTITLEMENTS = BetterSleepSwiftUI/Resources/BetterSleepSwiftUI.entitlements;
				CODE_SIGN_STYLE = Automatic;
				CURRENT_PROJECT_VERSION = 1;
				DEVELOPMENT_ASSET_PATHS = "\"BetterSleepSwiftUI/Resources/Preview Content\"";
				ENABLE_PREVIEWS = YES;
				GENERATE_INFOPLIST_FILE = YES;
				"INFOPLIST_KEY_UIApplicationSceneManifest_Generation[sdk=iphoneos*]" = YES;
				"INFOPLIST_KEY_UIApplicationSceneManifest_Generation[sdk=iphonesimulator*]" = YES;
				"INFOPLIST_KEY_UIApplicationSupportsIndirectInputEvents[sdk=iphoneos*]" = YES;
				"INFOPLIST_KEY_UIApplicationSupportsIndirectInputEvents[sdk=iphonesimulator*]" = YES;
				"INFOPLIST_KEY_UILaunchScreen_Generation[sdk=iphoneos*]" = YES;
				"INFOPLIST_KEY_UILaunchScreen_Generation[sdk=iphonesimulator*]" = YES;
				"INFOPLIST_KEY_UIStatusBarStyle[sdk=iphoneos*]" = UIStatusBarStyleDefault;
				"INFOPLIST_KEY_UIStatusBarStyle[sdk=iphonesimulator*]" = UIStatusBarStyleDefault;
				INFOPLIST_KEY_UISupportedInterfaceOrientations_iPad = "UIInterfaceOrientationPortrait UIInterfaceOrientationPortraitUpsideDown UIInterfaceOrientationLandscapeLeft UIInterfaceOrientationLandscapeRight";
				INFOPLIST_KEY_UISupportedInterfaceOrientations_iPhone = "UIInterfaceOrientationPortrait UIInterfaceOrientationLandscapeLeft UIInterfaceOrientationLandscapeRight";
				IPHONEOS_DEPLOYMENT_TARGET = 17.2;
				LD_RUNPATH_SEARCH_PATHS = "@executable_path/Frameworks";
				"LD_RUNPATH_SEARCH_PATHS[sdk=macosx*]" = "@executable_path/../Frameworks";
				MACOSX_DEPLOYMENT_TARGET = 14.2;
				MARKETING_VERSION = 1.0;
				PRODUCT_BUNDLE_IDENTIFIER = Hieronius.BetterSleepSwiftUI;
				PRODUCT_NAME = "$(TARGET_NAME)";
				SDKROOT = auto;
				SUPPORTED_PLATFORMS = "iphoneos iphonesimulator macosx";
				SWIFT_EMIT_LOC_STRINGS = YES;
				SWIFT_VERSION = 5.0;
				TARGETED_DEVICE_FAMILY = "1,2";
			};
			name = Debug;
		};
		A2B071192C717930003DB10A /* Release */ = {
			isa = XCBuildConfiguration;
			buildSettings = {
				ASSETCATALOG_COMPILER_APPICON_NAME = AppIcon;
				ASSETCATALOG_COMPILER_GLOBAL_ACCENT_COLOR_NAME = AccentColor;
				CODE_SIGN_ENTITLEMENTS = BetterSleepSwiftUI/Resources/BetterSleepSwiftUI.entitlements;
				CODE_SIGN_STYLE = Automatic;
				CURRENT_PROJECT_VERSION = 1;
				DEVELOPMENT_ASSET_PATHS = "\"BetterSleepSwiftUI/Resources/Preview Content\"";
				ENABLE_PREVIEWS = YES;
				GENERATE_INFOPLIST_FILE = YES;
				"INFOPLIST_KEY_UIApplicationSceneManifest_Generation[sdk=iphoneos*]" = YES;
				"INFOPLIST_KEY_UIApplicationSceneManifest_Generation[sdk=iphonesimulator*]" = YES;
				"INFOPLIST_KEY_UIApplicationSupportsIndirectInputEvents[sdk=iphoneos*]" = YES;
				"INFOPLIST_KEY_UIApplicationSupportsIndirectInputEvents[sdk=iphonesimulator*]" = YES;
				"INFOPLIST_KEY_UILaunchScreen_Generation[sdk=iphoneos*]" = YES;
				"INFOPLIST_KEY_UILaunchScreen_Generation[sdk=iphonesimulator*]" = YES;
				"INFOPLIST_KEY_UIStatusBarStyle[sdk=iphoneos*]" = UIStatusBarStyleDefault;
				"INFOPLIST_KEY_UIStatusBarStyle[sdk=iphonesimulator*]" = UIStatusBarStyleDefault;
				INFOPLIST_KEY_UISupportedInterfaceOrientations_iPad = "UIInterfaceOrientationPortrait UIInterfaceOrientationPortraitUpsideDown UIInterfaceOrientationLandscapeLeft UIInterfaceOrientationLandscapeRight";
				INFOPLIST_KEY_UISupportedInterfaceOrientations_iPhone = "UIInterfaceOrientationPortrait UIInterfaceOrientationLandscapeLeft UIInterfaceOrientationLandscapeRight";
				IPHONEOS_DEPLOYMENT_TARGET = 17.2;
				LD_RUNPATH_SEARCH_PATHS = "@executable_path/Frameworks";
				"LD_RUNPATH_SEARCH_PATHS[sdk=macosx*]" = "@executable_path/../Frameworks";
				MACOSX_DEPLOYMENT_TARGET = 14.2;
				MARKETING_VERSION = 1.0;
				PRODUCT_BUNDLE_IDENTIFIER = Hieronius.BetterSleepSwiftUI;
				PRODUCT_NAME = "$(TARGET_NAME)";
				SDKROOT = auto;
				SUPPORTED_PLATFORMS = "iphoneos iphonesimulator macosx";
				SWIFT_EMIT_LOC_STRINGS = YES;
				SWIFT_VERSION = 5.0;
				TARGETED_DEVICE_FAMILY = "1,2";
			};
			name = Release;
		};
/* End XCBuildConfiguration section */

/* Begin XCConfigurationList section */
		A213706E2C759A9B0009E241 /* Build configuration list for PBXNativeTarget "BetterSleepSwiftUITests" */ = {
			isa = XCConfigurationList;
			buildConfigurations = (
				A213706F2C759A9B0009E241 /* Debug */,
				A21370702C759A9B0009E241 /* Release */,
			);
			defaultConfigurationIsVisible = 0;
			defaultConfigurationName = Release;
		};
		A2B071032C71792E003DB10A /* Build configuration list for PBXProject "BetterSleepSwiftUI" */ = {
			isa = XCConfigurationList;
			buildConfigurations = (
				A2B071152C717930003DB10A /* Debug */,
				A2B071162C717930003DB10A /* Release */,
			);
			defaultConfigurationIsVisible = 0;
			defaultConfigurationName = Release;
		};
		A2B071172C717930003DB10A /* Build configuration list for PBXNativeTarget "BetterSleepSwiftUI" */ = {
			isa = XCConfigurationList;
			buildConfigurations = (
				A2B071182C717930003DB10A /* Debug */,
				A2B071192C717930003DB10A /* Release */,
			);
			defaultConfigurationIsVisible = 0;
			defaultConfigurationName = Release;
		};
/* End XCConfigurationList section */
	};
	rootObject = A2B071002C71792E003DB10A /* Project object */;
}
